// !$*UTF8*$!
{
	archiveVersion = 1;
	classes = {
	};
	objectVersion = 46;
	objects = {

/* Begin PBXBuildFile section */
		2018D29B19E081E300F3B522 /* AppDelegate.swift in Sources */ = {isa = PBXBuildFile; fileRef = 2018D29A19E081E300F3B522 /* AppDelegate.swift */; };
		2018D29D19E081E300F3B522 /* GameScene.sks in Resources */ = {isa = PBXBuildFile; fileRef = 2018D29C19E081E300F3B522 /* GameScene.sks */; };
		2018D29F19E081E300F3B522 /* GameScene.swift in Sources */ = {isa = PBXBuildFile; fileRef = 2018D29E19E081E300F3B522 /* GameScene.swift */; };
		2018D2A119E081E300F3B522 /* GameViewController.swift in Sources */ = {isa = PBXBuildFile; fileRef = 2018D2A019E081E300F3B522 /* GameViewController.swift */; };
		2018D2A419E081E300F3B522 /* Main.storyboard in Resources */ = {isa = PBXBuildFile; fileRef = 2018D2A219E081E300F3B522 /* Main.storyboard */; };
		2018D2A919E081E300F3B522 /* LaunchScreen.xib in Resources */ = {isa = PBXBuildFile; fileRef = 2018D2A719E081E300F3B522 /* LaunchScreen.xib */; };
		2018D2B519E081E300F3B522 /* KnapsackTests.swift in Sources */ = {isa = PBXBuildFile; fileRef = 2018D2B419E081E300F3B522 /* KnapsackTests.swift */; };
		2018D2DB19E0828000F3B522 /* LaunchScreen.xib in Resources */ = {isa = PBXBuildFile; fileRef = 2018D2BF19E0828000F3B522 /* LaunchScreen.xib */; };
		2018D2DC19E0828000F3B522 /* Main.storyboard in Resources */ = {isa = PBXBuildFile; fileRef = 2018D2C119E0828000F3B522 /* Main.storyboard */; };
		2018D2DD19E0828000F3B522 /* Button.swift in Sources */ = {isa = PBXBuildFile; fileRef = 2018D2C319E0828000F3B522 /* Button.swift */; };
		2018D2DE19E0828000F3B522 /* ButtonBuilder.swift in Sources */ = {isa = PBXBuildFile; fileRef = 2018D2C419E0828000F3B522 /* ButtonBuilder.swift */; };
		2018D2DF19E0828000F3B522 /* ButtonContainer.swift in Sources */ = {isa = PBXBuildFile; fileRef = 2018D2C519E0828000F3B522 /* ButtonContainer.swift */; };
		2018D2E019E0828000F3B522 /* ButtonContainerState.swift in Sources */ = {isa = PBXBuildFile; fileRef = 2018D2C619E0828000F3B522 /* ButtonContainerState.swift */; };
		2018D2E119E0828000F3B522 /* ButtonGuts.swift in Sources */ = {isa = PBXBuildFile; fileRef = 2018D2C719E0828000F3B522 /* ButtonGuts.swift */; };
		2018D2E319E0828000F3B522 /* ButtonSlot.swift in Sources */ = {isa = PBXBuildFile; fileRef = 2018D2C919E0828000F3B522 /* ButtonSlot.swift */; };
		2018D2E419E0828000F3B522 /* Contact.swift in Sources */ = {isa = PBXBuildFile; fileRef = 2018D2CA19E0828000F3B522 /* Contact.swift */; };
		2018D2E519E0828000F3B522 /* ContactCategory.swift in Sources */ = {isa = PBXBuildFile; fileRef = 2018D2CB19E0828000F3B522 /* ContactCategory.swift */; };
		2018D2E619E0828000F3B522 /* ContactRecord.swift in Sources */ = {isa = PBXBuildFile; fileRef = 2018D2CC19E0828000F3B522 /* ContactRecord.swift */; };
		2018D2E719E0828000F3B522 /* ContainerButtonNode.swift in Sources */ = {isa = PBXBuildFile; fileRef = 2018D2CD19E0828000F3B522 /* ContainerButtonNode.swift */; };
		2018D2E819E0828000F3B522 /* DefaultButtonContainerState.swift in Sources */ = {isa = PBXBuildFile; fileRef = 2018D2CE19E0828000F3B522 /* DefaultButtonContainerState.swift */; };
		2018D2EA19E0828000F3B522 /* JumpButton.swift in Sources */ = {isa = PBXBuildFile; fileRef = 2018D2D019E0828000F3B522 /* JumpButton.swift */; };
		2018D2EB19E0828000F3B522 /* LeftButton.swift in Sources */ = {isa = PBXBuildFile; fileRef = 2018D2D119E0828000F3B522 /* LeftButton.swift */; };
		2018D2EC19E0828000F3B522 /* Level.swift in Sources */ = {isa = PBXBuildFile; fileRef = 2018D2D219E0828000F3B522 /* Level.swift */; };
		2018D2ED19E0828000F3B522 /* Level1.swift in Sources */ = {isa = PBXBuildFile; fileRef = 2018D2D319E0828000F3B522 /* Level1.swift */; };
		2018D2EE19E0828000F3B522 /* MainCharacter.swift in Sources */ = {isa = PBXBuildFile; fileRef = 2018D2D419E0828000F3B522 /* MainCharacter.swift */; };
		2018D2EF19E0828000F3B522 /* MainCharacterNode.swift in Sources */ = {isa = PBXBuildFile; fileRef = 2018D2D519E0828000F3B522 /* MainCharacterNode.swift */; };
		2018D2F019E0828000F3B522 /* RightButton.swift in Sources */ = {isa = PBXBuildFile; fileRef = 2018D2D619E0828000F3B522 /* RightButton.swift */; };
		2018D2F119E0828000F3B522 /* ThrowButtonContainerState.swift in Sources */ = {isa = PBXBuildFile; fileRef = 2018D2D719E0828000F3B522 /* ThrowButtonContainerState.swift */; };
		2018D2F219E0828000F3B522 /* Thrower.swift in Sources */ = {isa = PBXBuildFile; fileRef = 2018D2D819E0828000F3B522 /* Thrower.swift */; };
		2018D2F319E0828000F3B522 /* ViewManager.swift in Sources */ = {isa = PBXBuildFile; fileRef = 2018D2D919E0828000F3B522 /* ViewManager.swift */; };
		2018D2F419E0828000F3B522 /* WorldButtonNode.swift in Sources */ = {isa = PBXBuildFile; fileRef = 2018D2DA19E0828000F3B522 /* WorldButtonNode.swift */; };
		2018D2F619E0836900F3B522 /* Images.xcassets in Resources */ = {isa = PBXBuildFile; fileRef = 2018D2F519E0836900F3B522 /* Images.xcassets */; };
		2018D2FB19E08E0F00F3B522 /* ThrowSlot.swift in Sources */ = {isa = PBXBuildFile; fileRef = 2018D2FA19E08E0F00F3B522 /* ThrowSlot.swift */; };
/* End PBXBuildFile section */

/* Begin PBXContainerItemProxy section */
		2018D2AF19E081E300F3B522 /* PBXContainerItemProxy */ = {
			isa = PBXContainerItemProxy;
			containerPortal = 2018D28D19E081E300F3B522 /* Project object */;
			proxyType = 1;
			remoteGlobalIDString = 2018D29419E081E300F3B522;
			remoteInfo = Knapsack;
		};
/* End PBXContainerItemProxy section */

/* Begin PBXFileReference section */
		2018D29519E081E300F3B522 /* Knapsack.app */ = {isa = PBXFileReference; explicitFileType = wrapper.application; includeInIndex = 0; path = Knapsack.app; sourceTree = BUILT_PRODUCTS_DIR; };
		2018D29919E081E300F3B522 /* Info.plist */ = {isa = PBXFileReference; lastKnownFileType = text.plist.xml; path = Info.plist; sourceTree = "<group>"; };
		2018D29A19E081E300F3B522 /* AppDelegate.swift */ = {isa = PBXFileReference; lastKnownFileType = sourcecode.swift; path = AppDelegate.swift; sourceTree = "<group>"; };
		2018D29C19E081E300F3B522 /* GameScene.sks */ = {isa = PBXFileReference; lastKnownFileType = file.sks; path = GameScene.sks; sourceTree = "<group>"; };
		2018D29E19E081E300F3B522 /* GameScene.swift */ = {isa = PBXFileReference; lastKnownFileType = sourcecode.swift; path = GameScene.swift; sourceTree = "<group>"; };
		2018D2A019E081E300F3B522 /* GameViewController.swift */ = {isa = PBXFileReference; lastKnownFileType = sourcecode.swift; path = GameViewController.swift; sourceTree = "<group>"; };
		2018D2A319E081E300F3B522 /* Base */ = {isa = PBXFileReference; lastKnownFileType = file.storyboard; name = Base; path = Base.lproj/Main.storyboard; sourceTree = "<group>"; };
		2018D2A819E081E300F3B522 /* Base */ = {isa = PBXFileReference; lastKnownFileType = file.xib; name = Base; path = Base.lproj/LaunchScreen.xib; sourceTree = "<group>"; };
		2018D2AE19E081E300F3B522 /* KnapsackTests.xctest */ = {isa = PBXFileReference; explicitFileType = wrapper.cfbundle; includeInIndex = 0; path = KnapsackTests.xctest; sourceTree = BUILT_PRODUCTS_DIR; };
		2018D2B319E081E300F3B522 /* Info.plist */ = {isa = PBXFileReference; lastKnownFileType = text.plist.xml; path = Info.plist; sourceTree = "<group>"; };
		2018D2B419E081E300F3B522 /* KnapsackTests.swift */ = {isa = PBXFileReference; lastKnownFileType = sourcecode.swift; path = KnapsackTests.swift; sourceTree = "<group>"; };
		2018D2C019E0828000F3B522 /* Base */ = {isa = PBXFileReference; lastKnownFileType = file.xib; name = Base; path = LaunchScreen.xib; sourceTree = "<group>"; };
		2018D2C219E0828000F3B522 /* Base */ = {isa = PBXFileReference; lastKnownFileType = file.storyboard; name = Base; path = Main.storyboard; sourceTree = "<group>"; };
		2018D2C319E0828000F3B522 /* Button.swift */ = {isa = PBXFileReference; fileEncoding = 4; lastKnownFileType = sourcecode.swift; path = Button.swift; sourceTree = "<group>"; };
		2018D2C419E0828000F3B522 /* ButtonBuilder.swift */ = {isa = PBXFileReference; fileEncoding = 4; lastKnownFileType = sourcecode.swift; path = ButtonBuilder.swift; sourceTree = "<group>"; };
		2018D2C519E0828000F3B522 /* ButtonContainer.swift */ = {isa = PBXFileReference; fileEncoding = 4; lastKnownFileType = sourcecode.swift; path = ButtonContainer.swift; sourceTree = "<group>"; };
		2018D2C619E0828000F3B522 /* ButtonContainerState.swift */ = {isa = PBXFileReference; fileEncoding = 4; lastKnownFileType = sourcecode.swift; path = ButtonContainerState.swift; sourceTree = "<group>"; };
		2018D2C719E0828000F3B522 /* ButtonGuts.swift */ = {isa = PBXFileReference; fileEncoding = 4; lastKnownFileType = sourcecode.swift; path = ButtonGuts.swift; sourceTree = "<group>"; };
		2018D2C919E0828000F3B522 /* ButtonSlot.swift */ = {isa = PBXFileReference; fileEncoding = 4; lastKnownFileType = sourcecode.swift; path = ButtonSlot.swift; sourceTree = "<group>"; };
		2018D2CA19E0828000F3B522 /* Contact.swift */ = {isa = PBXFileReference; fileEncoding = 4; lastKnownFileType = sourcecode.swift; path = Contact.swift; sourceTree = "<group>"; };
		2018D2CB19E0828000F3B522 /* ContactCategory.swift */ = {isa = PBXFileReference; fileEncoding = 4; lastKnownFileType = sourcecode.swift; path = ContactCategory.swift; sourceTree = "<group>"; };
		2018D2CC19E0828000F3B522 /* ContactRecord.swift */ = {isa = PBXFileReference; fileEncoding = 4; lastKnownFileType = sourcecode.swift; path = ContactRecord.swift; sourceTree = "<group>"; };
		2018D2CD19E0828000F3B522 /* ContainerButtonNode.swift */ = {isa = PBXFileReference; fileEncoding = 4; lastKnownFileType = sourcecode.swift; path = ContainerButtonNode.swift; sourceTree = "<group>"; };
		2018D2CE19E0828000F3B522 /* DefaultButtonContainerState.swift */ = {isa = PBXFileReference; fileEncoding = 4; lastKnownFileType = sourcecode.swift; path = DefaultButtonContainerState.swift; sourceTree = "<group>"; };
		2018D2D019E0828000F3B522 /* JumpButton.swift */ = {isa = PBXFileReference; fileEncoding = 4; lastKnownFileType = sourcecode.swift; path = JumpButton.swift; sourceTree = "<group>"; };
		2018D2D119E0828000F3B522 /* LeftButton.swift */ = {isa = PBXFileReference; fileEncoding = 4; lastKnownFileType = sourcecode.swift; path = LeftButton.swift; sourceTree = "<group>"; };
		2018D2D219E0828000F3B522 /* Level.swift */ = {isa = PBXFileReference; fileEncoding = 4; lastKnownFileType = sourcecode.swift; path = Level.swift; sourceTree = "<group>"; };
		2018D2D319E0828000F3B522 /* Level1.swift */ = {isa = PBXFileReference; fileEncoding = 4; lastKnownFileType = sourcecode.swift; path = Level1.swift; sourceTree = "<group>"; };
		2018D2D419E0828000F3B522 /* MainCharacter.swift */ = {isa = PBXFileReference; fileEncoding = 4; lastKnownFileType = sourcecode.swift; path = MainCharacter.swift; sourceTree = "<group>"; };
		2018D2D519E0828000F3B522 /* MainCharacterNode.swift */ = {isa = PBXFileReference; fileEncoding = 4; lastKnownFileType = sourcecode.swift; path = MainCharacterNode.swift; sourceTree = "<group>"; };
		2018D2D619E0828000F3B522 /* RightButton.swift */ = {isa = PBXFileReference; fileEncoding = 4; lastKnownFileType = sourcecode.swift; path = RightButton.swift; sourceTree = "<group>"; };
		2018D2D719E0828000F3B522 /* ThrowButtonContainerState.swift */ = {isa = PBXFileReference; fileEncoding = 4; lastKnownFileType = sourcecode.swift; path = ThrowButtonContainerState.swift; sourceTree = "<group>"; };
		2018D2D819E0828000F3B522 /* Thrower.swift */ = {isa = PBXFileReference; fileEncoding = 4; lastKnownFileType = sourcecode.swift; path = Thrower.swift; sourceTree = "<group>"; };
		2018D2D919E0828000F3B522 /* ViewManager.swift */ = {isa = PBXFileReference; fileEncoding = 4; lastKnownFileType = sourcecode.swift; path = ViewManager.swift; sourceTree = "<group>"; };
		2018D2DA19E0828000F3B522 /* WorldButtonNode.swift */ = {isa = PBXFileReference; fileEncoding = 4; lastKnownFileType = sourcecode.swift; path = WorldButtonNode.swift; sourceTree = "<group>"; };
		2018D2F519E0836900F3B522 /* Images.xcassets */ = {isa = PBXFileReference; lastKnownFileType = folder.assetcatalog; name = Images.xcassets; path = ../Images.xcassets; sourceTree = "<group>"; };
		2018D2FA19E08E0F00F3B522 /* ThrowSlot.swift */ = {isa = PBXFileReference; fileEncoding = 4; lastKnownFileType = sourcecode.swift; path = ThrowSlot.swift; sourceTree = "<group>"; };
/* End PBXFileReference section */

/* Begin PBXFrameworksBuildPhase section */
		2018D29219E081E300F3B522 /* Frameworks */ = {
			isa = PBXFrameworksBuildPhase;
			buildActionMask = 2147483647;
			files = (
			);
			runOnlyForDeploymentPostprocessing = 0;
		};
		2018D2AB19E081E300F3B522 /* Frameworks */ = {
			isa = PBXFrameworksBuildPhase;
			buildActionMask = 2147483647;
			files = (
			);
			runOnlyForDeploymentPostprocessing = 0;
		};
/* End PBXFrameworksBuildPhase section */

/* Begin PBXGroup section */
		2018D28C19E081E300F3B522 = {
			isa = PBXGroup;
			children = (
				2018D29719E081E300F3B522 /* Knapsack */,
				2018D2B119E081E300F3B522 /* KnapsackTests */,
				2018D29619E081E300F3B522 /* Products */,
			);
			sourceTree = "<group>";
		};
		2018D29619E081E300F3B522 /* Products */ = {
			isa = PBXGroup;
			children = (
				2018D29519E081E300F3B522 /* Knapsack.app */,
				2018D2AE19E081E300F3B522 /* KnapsackTests.xctest */,
			);
			name = Products;
			sourceTree = "<group>";
		};
		2018D29719E081E300F3B522 /* Knapsack */ = {
			isa = PBXGroup;
			children = (
				2018D2F519E0836900F3B522 /* Images.xcassets */,
				2018D29A19E081E300F3B522 /* AppDelegate.swift */,
				2018D29C19E081E300F3B522 /* GameScene.sks */,
				2018D29E19E081E300F3B522 /* GameScene.swift */,
				2018D2BE19E0828000F3B522 /* Base.lproj */,
				2018D2F819E0879C00F3B522 /* Buttons */,
				2018D2CA19E0828000F3B522 /* Contact.swift */,
				2018D2CB19E0828000F3B522 /* ContactCategory.swift */,
				2018D2CC19E0828000F3B522 /* ContactRecord.swift */,
				2018D2D219E0828000F3B522 /* Level.swift */,
				2018D2D319E0828000F3B522 /* Level1.swift */,
				2018D2D419E0828000F3B522 /* MainCharacter.swift */,
				2018D2D519E0828000F3B522 /* MainCharacterNode.swift */,
				2018D2D919E0828000F3B522 /* ViewManager.swift */,
				2018D2A019E081E300F3B522 /* GameViewController.swift */,
				2018D2A219E081E300F3B522 /* Main.storyboard */,
				2018D2A719E081E300F3B522 /* LaunchScreen.xib */,
				2018D29819E081E300F3B522 /* Supporting Files */,
			);
			path = Knapsack;
			sourceTree = "<group>";
		};
		2018D29819E081E300F3B522 /* Supporting Files */ = {
			isa = PBXGroup;
			children = (
				2018D29919E081E300F3B522 /* Info.plist */,
			);
			name = "Supporting Files";
			sourceTree = "<group>";
		};
		2018D2B119E081E300F3B522 /* KnapsackTests */ = {
			isa = PBXGroup;
			children = (
				2018D2B419E081E300F3B522 /* KnapsackTests.swift */,
				2018D2B219E081E300F3B522 /* Supporting Files */,
			);
			path = KnapsackTests;
			sourceTree = "<group>";
		};
		2018D2B219E081E300F3B522 /* Supporting Files */ = {
			isa = PBXGroup;
			children = (
				2018D2B319E081E300F3B522 /* Info.plist */,
			);
			name = "Supporting Files";
			sourceTree = "<group>";
		};
		2018D2BE19E0828000F3B522 /* Base.lproj */ = {
			isa = PBXGroup;
			children = (
				2018D2BF19E0828000F3B522 /* LaunchScreen.xib */,
				2018D2C119E0828000F3B522 /* Main.storyboard */,
			);
			path = Base.lproj;
			sourceTree = "<group>";
		};
		2018D2F719E0876B00F3B522 /* ButtonContainerStates */ = {
			isa = PBXGroup;
			children = (
				2018D2CE19E0828000F3B522 /* DefaultButtonContainerState.swift */,
				2018D2C619E0828000F3B522 /* ButtonContainerState.swift */,
				2018D2D719E0828000F3B522 /* ThrowButtonContainerState.swift */,
			);
			name = ButtonContainerStates;
			sourceTree = "<group>";
		};
		2018D2F819E0879C00F3B522 /* Buttons */ = {
			isa = PBXGroup;
			children = (
				2018D2DA19E0828000F3B522 /* WorldButtonNode.swift */,
				2018D2CD19E0828000F3B522 /* ContainerButtonNode.swift */,
				2018D2F919E087B800F3B522 /* Guts */,
				2018D2F719E0876B00F3B522 /* ButtonContainerStates */,
				2018D2C319E0828000F3B522 /* Button.swift */,
				2018D2C919E0828000F3B522 /* ButtonSlot.swift */,
				2018D2FA19E08E0F00F3B522 /* ThrowSlot.swift */,
				2018D2C419E0828000F3B522 /* ButtonBuilder.swift */,
				2018D2C519E0828000F3B522 /* ButtonContainer.swift */,
				2018D2D819E0828000F3B522 /* Thrower.swift */,
			);
			name = Buttons;
			sourceTree = "<group>";
		};
		2018D2F919E087B800F3B522 /* Guts */ = {
			isa = PBXGroup;
			children = (
				2018D2C719E0828000F3B522 /* ButtonGuts.swift */,
				2018D2D119E0828000F3B522 /* LeftButton.swift */,
				2018D2D619E0828000F3B522 /* RightButton.swift */,
				2018D2D019E0828000F3B522 /* JumpButton.swift */,
			);
			name = Guts;
			sourceTree = "<group>";
		};
/* End PBXGroup section */

/* Begin PBXNativeTarget section */
		2018D29419E081E300F3B522 /* Knapsack */ = {
			isa = PBXNativeTarget;
			buildConfigurationList = 2018D2B819E081E300F3B522 /* Build configuration list for PBXNativeTarget "Knapsack" */;
			buildPhases = (
				2018D29119E081E300F3B522 /* Sources */,
				2018D29219E081E300F3B522 /* Frameworks */,
				2018D29319E081E300F3B522 /* Resources */,
			);
			buildRules = (
			);
			dependencies = (
			);
			name = Knapsack;
			productName = Knapsack;
			productReference = 2018D29519E081E300F3B522 /* Knapsack.app */;
			productType = "com.apple.product-type.application";
		};
		2018D2AD19E081E300F3B522 /* KnapsackTests */ = {
			isa = PBXNativeTarget;
			buildConfigurationList = 2018D2BB19E081E300F3B522 /* Build configuration list for PBXNativeTarget "KnapsackTests" */;
			buildPhases = (
				2018D2AA19E081E300F3B522 /* Sources */,
				2018D2AB19E081E300F3B522 /* Frameworks */,
				2018D2AC19E081E300F3B522 /* Resources */,
			);
			buildRules = (
			);
			dependencies = (
				2018D2B019E081E300F3B522 /* PBXTargetDependency */,
			);
			name = KnapsackTests;
			productName = KnapsackTests;
			productReference = 2018D2AE19E081E300F3B522 /* KnapsackTests.xctest */;
			productType = "com.apple.product-type.bundle.unit-test";
		};
/* End PBXNativeTarget section */

/* Begin PBXProject section */
		2018D28D19E081E300F3B522 /* Project object */ = {
			isa = PBXProject;
			attributes = {
				LastUpgradeCheck = 0600;
				ORGANIZATIONNAME = "Emil Axelsson";
				TargetAttributes = {
					2018D29419E081E300F3B522 = {
						CreatedOnToolsVersion = 6.0;
					};
					2018D2AD19E081E300F3B522 = {
						CreatedOnToolsVersion = 6.0;
						TestTargetID = 2018D29419E081E300F3B522;
					};
				};
			};
			buildConfigurationList = 2018D29019E081E300F3B522 /* Build configuration list for PBXProject "Knapsack" */;
			compatibilityVersion = "Xcode 3.2";
			developmentRegion = English;
			hasScannedForEncodings = 0;
			knownRegions = (
				en,
				Base,
			);
			mainGroup = 2018D28C19E081E300F3B522;
			productRefGroup = 2018D29619E081E300F3B522 /* Products */;
			projectDirPath = "";
			projectRoot = "";
			targets = (
				2018D29419E081E300F3B522 /* Knapsack */,
				2018D2AD19E081E300F3B522 /* KnapsackTests */,
			);
		};
/* End PBXProject section */

/* Begin PBXResourcesBuildPhase section */
		2018D29319E081E300F3B522 /* Resources */ = {
			isa = PBXResourcesBuildPhase;
			buildActionMask = 2147483647;
			files = (
				2018D2DB19E0828000F3B522 /* LaunchScreen.xib in Resources */,
				2018D2A919E081E300F3B522 /* LaunchScreen.xib in Resources */,
				2018D2F619E0836900F3B522 /* Images.xcassets in Resources */,
				2018D2DC19E0828000F3B522 /* Main.storyboard in Resources */,
				2018D29D19E081E300F3B522 /* GameScene.sks in Resources */,
				2018D2A419E081E300F3B522 /* Main.storyboard in Resources */,
			);
			runOnlyForDeploymentPostprocessing = 0;
		};
		2018D2AC19E081E300F3B522 /* Resources */ = {
			isa = PBXResourcesBuildPhase;
			buildActionMask = 2147483647;
			files = (
			);
			runOnlyForDeploymentPostprocessing = 0;
		};
/* End PBXResourcesBuildPhase section */

/* Begin PBXSourcesBuildPhase section */
		2018D29119E081E300F3B522 /* Sources */ = {
			isa = PBXSourcesBuildPhase;
			buildActionMask = 2147483647;
			files = (
				2018D29F19E081E300F3B522 /* GameScene.swift in Sources */,
				2018D2E619E0828000F3B522 /* ContactRecord.swift in Sources */,
				2018D2E819E0828000F3B522 /* DefaultButtonContainerState.swift in Sources */,
				2018D2EF19E0828000F3B522 /* MainCharacterNode.swift in Sources */,
				2018D2FB19E08E0F00F3B522 /* ThrowSlot.swift in Sources */,
				2018D2EA19E0828000F3B522 /* JumpButton.swift in Sources */,
				2018D2A119E081E300F3B522 /* GameViewController.swift in Sources */,
				2018D2F419E0828000F3B522 /* WorldButtonNode.swift in Sources */,
				2018D2E119E0828000F3B522 /* ButtonGuts.swift in Sources */,
				2018D2F119E0828000F3B522 /* ThrowButtonContainerState.swift in Sources */,
				2018D2DE19E0828000F3B522 /* ButtonBuilder.swift in Sources */,
				2018D2E719E0828000F3B522 /* ContainerButtonNode.swift in Sources */,
				2018D2EB19E0828000F3B522 /* LeftButton.swift in Sources */,
				2018D29B19E081E300F3B522 /* AppDelegate.swift in Sources */,
				2018D2E319E0828000F3B522 /* ButtonSlot.swift in Sources */,
				2018D2F019E0828000F3B522 /* RightButton.swift in Sources */,
				2018D2E419E0828000F3B522 /* Contact.swift in Sources */,
				2018D2EE19E0828000F3B522 /* MainCharacter.swift in Sources */,
				2018D2EC19E0828000F3B522 /* Level.swift in Sources */,
				2018D2DD19E0828000F3B522 /* Button.swift in Sources */,
				2018D2DF19E0828000F3B522 /* ButtonContainer.swift in Sources */,
				2018D2F219E0828000F3B522 /* Thrower.swift in Sources */,
				2018D2E019E0828000F3B522 /* ButtonContainerState.swift in Sources */,
				2018D2E519E0828000F3B522 /* ContactCategory.swift in Sources */,
				2018D2F319E0828000F3B522 /* ViewManager.swift in Sources */,
				2018D2ED19E0828000F3B522 /* Level1.swift in Sources */,
			);
			runOnlyForDeploymentPostprocessing = 0;
		};
		2018D2AA19E081E300F3B522 /* Sources */ = {
			isa = PBXSourcesBuildPhase;
			buildActionMask = 2147483647;
			files = (
				2018D2B519E081E300F3B522 /* KnapsackTests.swift in Sources */,
			);
			runOnlyForDeploymentPostprocessing = 0;
		};
/* End PBXSourcesBuildPhase section */

/* Begin PBXTargetDependency section */
		2018D2B019E081E300F3B522 /* PBXTargetDependency */ = {
			isa = PBXTargetDependency;
			target = 2018D29419E081E300F3B522 /* Knapsack */;
			targetProxy = 2018D2AF19E081E300F3B522 /* PBXContainerItemProxy */;
		};
/* End PBXTargetDependency section */

/* Begin PBXVariantGroup section */
		2018D2A219E081E300F3B522 /* Main.storyboard */ = {
			isa = PBXVariantGroup;
			children = (
				2018D2A319E081E300F3B522 /* Base */,
			);
			name = Main.storyboard;
			sourceTree = "<group>";
		};
		2018D2A719E081E300F3B522 /* LaunchScreen.xib */ = {
			isa = PBXVariantGroup;
			children = (
				2018D2A819E081E300F3B522 /* Base */,
			);
			name = LaunchScreen.xib;
			sourceTree = "<group>";
		};
		2018D2BF19E0828000F3B522 /* LaunchScreen.xib */ = {
			isa = PBXVariantGroup;
			children = (
				2018D2C019E0828000F3B522 /* Base */,
			);
			name = LaunchScreen.xib;
			sourceTree = "<group>";
		};
		2018D2C119E0828000F3B522 /* Main.storyboard */ = {
			isa = PBXVariantGroup;
			children = (
				2018D2C219E0828000F3B522 /* Base */,
			);
			name = Main.storyboard;
			sourceTree = "<group>";
		};
/* End PBXVariantGroup section */

/* Begin XCBuildConfiguration section */
		2018D2B619E081E300F3B522 /* Debug */ = {
			isa = XCBuildConfiguration;
			buildSettings = {
				ALWAYS_SEARCH_USER_PATHS = NO;
				CLANG_CXX_LANGUAGE_STANDARD = "gnu++0x";
				CLANG_CXX_LIBRARY = "libc++";
				CLANG_ENABLE_MODULES = YES;
				CLANG_ENABLE_OBJC_ARC = YES;
				CLANG_WARN_BOOL_CONVERSION = YES;
				CLANG_WARN_CONSTANT_CONVERSION = YES;
				CLANG_WARN_DIRECT_OBJC_ISA_USAGE = YES_ERROR;
				CLANG_WARN_EMPTY_BODY = YES;
				CLANG_WARN_ENUM_CONVERSION = YES;
				CLANG_WARN_INT_CONVERSION = YES;
				CLANG_WARN_OBJC_ROOT_CLASS = YES_ERROR;
				CLANG_WARN_UNREACHABLE_CODE = YES;
				CLANG_WARN__DUPLICATE_METHOD_MATCH = YES;
				"CODE_SIGN_IDENTITY[sdk=iphoneos*]" = "iPhone Developer";
				COPY_PHASE_STRIP = NO;
				ENABLE_STRICT_OBJC_MSGSEND = YES;
				GCC_C_LANGUAGE_STANDARD = gnu99;
				GCC_DYNAMIC_NO_PIC = NO;
				GCC_OPTIMIZATION_LEVEL = 0;
				GCC_PREPROCESSOR_DEFINITIONS = (
					"DEBUG=1",
					"$(inherited)",
				);
				GCC_SYMBOLS_PRIVATE_EXTERN = NO;
				GCC_WARN_64_TO_32_BIT_CONVERSION = YES;
				GCC_WARN_ABOUT_RETURN_TYPE = YES_ERROR;
				GCC_WARN_UNDECLARED_SELECTOR = YES;
				GCC_WARN_UNINITIALIZED_AUTOS = YES_AGGRESSIVE;
				GCC_WARN_UNUSED_FUNCTION = YES;
				GCC_WARN_UNUSED_VARIABLE = YES;
				IPHONEOS_DEPLOYMENT_TARGET = 8.0;
				MTL_ENABLE_DEBUG_INFO = YES;
				ONLY_ACTIVE_ARCH = YES;
				SDKROOT = iphoneos;
				SWIFT_OPTIMIZATION_LEVEL = "-Onone";
				TARGETED_DEVICE_FAMILY = "1,2";
			};
			name = Debug;
		};
		2018D2B719E081E300F3B522 /* Release */ = {
			isa = XCBuildConfiguration;
			buildSettings = {
				ALWAYS_SEARCH_USER_PATHS = NO;
				CLANG_CXX_LANGUAGE_STANDARD = "gnu++0x";
				CLANG_CXX_LIBRARY = "libc++";
				CLANG_ENABLE_MODULES = YES;
				CLANG_ENABLE_OBJC_ARC = YES;
				CLANG_WARN_BOOL_CONVERSION = YES;
				CLANG_WARN_CONSTANT_CONVERSION = YES;
				CLANG_WARN_DIRECT_OBJC_ISA_USAGE = YES_ERROR;
				CLANG_WARN_EMPTY_BODY = YES;
				CLANG_WARN_ENUM_CONVERSION = YES;
				CLANG_WARN_INT_CONVERSION = YES;
				CLANG_WARN_OBJC_ROOT_CLASS = YES_ERROR;
				CLANG_WARN_UNREACHABLE_CODE = YES;
				CLANG_WARN__DUPLICATE_METHOD_MATCH = YES;
				"CODE_SIGN_IDENTITY[sdk=iphoneos*]" = "iPhone Developer";
				COPY_PHASE_STRIP = YES;
				ENABLE_NS_ASSERTIONS = NO;
				ENABLE_STRICT_OBJC_MSGSEND = YES;
				GCC_C_LANGUAGE_STANDARD = gnu99;
				GCC_WARN_64_TO_32_BIT_CONVERSION = YES;
				GCC_WARN_ABOUT_RETURN_TYPE = YES_ERROR;
				GCC_WARN_UNDECLARED_SELECTOR = YES;
				GCC_WARN_UNINITIALIZED_AUTOS = YES_AGGRESSIVE;
				GCC_WARN_UNUSED_FUNCTION = YES;
				GCC_WARN_UNUSED_VARIABLE = YES;
				IPHONEOS_DEPLOYMENT_TARGET = 8.0;
				MTL_ENABLE_DEBUG_INFO = NO;
				SDKROOT = iphoneos;
				TARGETED_DEVICE_FAMILY = "1,2";
				VALIDATE_PRODUCT = YES;
			};
			name = Release;
		};
		2018D2B919E081E300F3B522 /* Debug */ = {
			isa = XCBuildConfiguration;
			buildSettings = {
				ASSETCATALOG_COMPILER_APPICON_NAME = AppIcon;
				INFOPLIST_FILE = Knapsack/Info.plist;
				LD_RUNPATH_SEARCH_PATHS = "$(inherited) @executable_path/Frameworks";
				PRODUCT_NAME = "$(TARGET_NAME)";
			};
			name = Debug;
		};
		2018D2BA19E081E300F3B522 /* Release */ = {
			isa = XCBuildConfiguration;
			buildSettings = {
				ASSETCATALOG_COMPILER_APPICON_NAME = AppIcon;
				INFOPLIST_FILE = Knapsack/Info.plist;
				LD_RUNPATH_SEARCH_PATHS = "$(inherited) @executable_path/Frameworks";
				PRODUCT_NAME = "$(TARGET_NAME)";
			};
			name = Release;
		};
		2018D2BC19E081E300F3B522 /* Debug */ = {
			isa = XCBuildConfiguration;
			buildSettings = {
				BUNDLE_LOADER = "$(TEST_HOST)";
				FRAMEWORK_SEARCH_PATHS = (
					"$(SDKROOT)/Developer/Library/Frameworks",
					"$(inherited)",
				);
				GCC_PREPROCESSOR_DEFINITIONS = (
					"DEBUG=1",
					"$(inherited)",
				);
				INFOPLIST_FILE = KnapsackTests/Info.plist;
				LD_RUNPATH_SEARCH_PATHS = "$(inherited) @executable_path/Frameworks @loader_path/Frameworks";
				PRODUCT_NAME = "$(TARGET_NAME)";
				TEST_HOST = "$(BUILT_PRODUCTS_DIR)/Knapsack.app/Knapsack";
			};
			name = Debug;
		};
		2018D2BD19E081E300F3B522 /* Release */ = {
			isa = XCBuildConfiguration;
			buildSettings = {
				BUNDLE_LOADER = "$(TEST_HOST)";
				FRAMEWORK_SEARCH_PATHS = (
					"$(SDKROOT)/Developer/Library/Frameworks",
					"$(inherited)",
				);
				INFOPLIST_FILE = KnapsackTests/Info.plist;
				LD_RUNPATH_SEARCH_PATHS = "$(inherited) @executable_path/Frameworks @loader_path/Frameworks";
				PRODUCT_NAME = "$(TARGET_NAME)";
				TEST_HOST = "$(BUILT_PRODUCTS_DIR)/Knapsack.app/Knapsack";
			};
			name = Release;
		};
/* End XCBuildConfiguration section */

/* Begin XCConfigurationList section */
		2018D29019E081E300F3B522 /* Build configuration list for PBXProject "Knapsack" */ = {
			isa = XCConfigurationList;
			buildConfigurations = (
				2018D2B619E081E300F3B522 /* Debug */,
				2018D2B719E081E300F3B522 /* Release */,
			);
			defaultConfigurationIsVisible = 0;
			defaultConfigurationName = Release;
		};
		2018D2B819E081E300F3B522 /* Build configuration list for PBXNativeTarget "Knapsack" */ = {
			isa = XCConfigurationList;
			buildConfigurations = (
				2018D2B919E081E300F3B522 /* Debug */,
				2018D2BA19E081E300F3B522 /* Release */,
			);
			defaultConfigurationIsVisible = 0;
		};
		2018D2BB19E081E300F3B522 /* Build configuration list for PBXNativeTarget "KnapsackTests" */ = {
			isa = XCConfigurationList;
			buildConfigurations = (
				2018D2BC19E081E300F3B522 /* Debug */,
				2018D2BD19E081E300F3B522 /* Release */,
			);
			defaultConfigurationIsVisible = 0;
		};
/* End XCConfigurationList section */
	};
	rootObject = 2018D28D19E081E300F3B522 /* Project object */;
}
